PODS:
  - Alamofire (4.8.2)
  - ALCameraViewController (3.0.3)
  - BoringSSL-GRPC (0.0.3):
    - BoringSSL-GRPC/Implementation (= 0.0.3)
    - BoringSSL-GRPC/Interface (= 0.0.3)
  - BoringSSL-GRPC/Implementation (0.0.3):
    - BoringSSL-GRPC/Interface (= 0.0.3)
  - BoringSSL-GRPC/Interface (0.0.3)
  - FacebookCore (0.7.0):
    - FBSDKCoreKit (~> 5.0)
  - FacebookLogin (0.7.0):
    - FacebookCore (~> 0.7)
    - FBSDKCoreKit (~> 5.0)
    - FBSDKLoginKit (~> 5.0)
  - FacebookShare (0.7.0):
    - FacebookCore (~> 0.7)
    - FBSDKCoreKit (~> 5.0)
    - FBSDKShareKit (~> 5.0)
  - FBSDKCoreKit (5.0.2):
    - FBSDKCoreKit/Basics (= 5.0.2)
    - FBSDKCoreKit/Core (= 5.0.2)
  - FBSDKCoreKit/Basics (5.0.2)
  - FBSDKCoreKit/Core (5.0.2):
    - FBSDKCoreKit/Basics
  - FBSDKLoginKit (5.0.2):
    - FBSDKCoreKit (~> 5.0)
  - FBSDKShareKit (5.0.2):
    - FBSDKCoreKit (~> 5.0)
  - Firebase/Auth (6.2.0):
    - Firebase/CoreOnly
    - FirebaseAuth (~> 6.1.1)
  - Firebase/Core (6.2.0):
    - Firebase/CoreOnly
    - FirebaseAnalytics (= 6.0.1)
  - Firebase/CoreOnly (6.2.0):
    - FirebaseCore (= 6.0.2)
  - Firebase/Firestore (6.2.0):
    - Firebase/CoreOnly
    - FirebaseFirestore (~> 1.3.2)
  - Firebase/Storage (6.2.0):
    - Firebase/CoreOnly
    - FirebaseStorage (~> 3.2.1)
  - FirebaseAnalytics (6.0.1):
    - FirebaseCore (~> 6.0)
    - FirebaseInstanceID (~> 4.1)
    - GoogleAppMeasurement (= 6.0.1)
    - GoogleUtilities/AppDelegateSwizzler (~> 6.0)
    - GoogleUtilities/MethodSwizzler (~> 6.0)
    - GoogleUtilities/Network (~> 6.0)
    - "GoogleUtilities/NSData+zlib (~> 6.0)"
    - nanopb (~> 0.3)
  - FirebaseAuth (6.1.1):
    - FirebaseAuthInterop (~> 1.0)
    - FirebaseCore (~> 6.0)
    - GoogleUtilities/AppDelegateSwizzler (~> 6.2)
    - GoogleUtilities/Environment (~> 6.2)
    - GTMSessionFetcher/Core (~> 1.1)
  - FirebaseAuthInterop (1.0.0)
  - FirebaseCore (6.0.2):
    - GoogleUtilities/Environment (~> 6.0)
    - GoogleUtilities/Logger (~> 6.0)
  - FirebaseFirestore (1.3.2):
    - FirebaseAuthInterop (~> 1.0)
    - FirebaseCore (~> 6.0)
    - FirebaseFirestore/abseil-cpp (= 1.3.2)
    - "gRPC-C++ (= 0.0.9)"
    - leveldb-library (~> 1.20)
    - nanopb (~> 0.3.901)
    - Protobuf (~> 3.1)
  - FirebaseFirestore/abseil-cpp (1.3.2):
    - FirebaseAuthInterop (~> 1.0)
    - FirebaseCore (~> 6.0)
    - "gRPC-C++ (= 0.0.9)"
    - leveldb-library (~> 1.20)
    - nanopb (~> 0.3.901)
    - Protobuf (~> 3.1)
  - FirebaseInstanceID (4.1.1):
    - FirebaseCore (~> 6.0)
    - GoogleUtilities/Environment (~> 6.0)
    - GoogleUtilities/UserDefaults (~> 6.0)
  - FirebaseStorage (3.2.1):
    - FirebaseAuthInterop (~> 1.0)
    - FirebaseCore (~> 6.0)
    - GTMSessionFetcher/Core (~> 1.1)
  - GoogleAppMeasurement (6.0.1):
    - GoogleUtilities/AppDelegateSwizzler (~> 6.0)
    - GoogleUtilities/MethodSwizzler (~> 6.0)
    - GoogleUtilities/Network (~> 6.0)
    - "GoogleUtilities/NSData+zlib (~> 6.0)"
    - nanopb (~> 0.3)
  - GoogleUtilities/AppDelegateSwizzler (6.2.0):
    - GoogleUtilities/Environment
    - GoogleUtilities/Logger
    - GoogleUtilities/Network
  - GoogleUtilities/Environment (6.2.0)
  - GoogleUtilities/Logger (6.2.0):
    - GoogleUtilities/Environment
  - GoogleUtilities/MethodSwizzler (6.2.0):
    - GoogleUtilities/Logger
  - GoogleUtilities/Network (6.2.0):
    - GoogleUtilities/Logger
    - "GoogleUtilities/NSData+zlib"
    - GoogleUtilities/Reachability
  - "GoogleUtilities/NSData+zlib (6.2.0)"
  - GoogleUtilities/Reachability (6.2.0):
    - GoogleUtilities/Logger
  - GoogleUtilities/UserDefaults (6.2.0):
    - GoogleUtilities/Logger
  - GPUImage (0.1.7)
  - GrowingTextView (0.7.0)
  - "gRPC-C++ (0.0.9)":
    - "gRPC-C++/Implementation (= 0.0.9)"
    - "gRPC-C++/Interface (= 0.0.9)"
  - "gRPC-C++/Implementation (0.0.9)":
    - "gRPC-C++/Interface (= 0.0.9)"
    - gRPC-Core (= 1.21.0)
    - nanopb (~> 0.3)
  - "gRPC-C++/Interface (0.0.9)"
  - gRPC-Core (1.21.0):
    - gRPC-Core/Implementation (= 1.21.0)
    - gRPC-Core/Interface (= 1.21.0)
  - gRPC-Core/Implementation (1.21.0):
    - BoringSSL-GRPC (= 0.0.3)
    - gRPC-Core/Interface (= 1.21.0)
    - nanopb (~> 0.3)
  - gRPC-Core/Interface (1.21.0)
  - GSMessages (1.7.2)
  - GTMSessionFetcher/Core (1.2.2)
  - Kingfisher (5.6.0)
  - leveldb-library (1.20)
  - nanopb (0.3.901):
    - nanopb/decode (= 0.3.901)
    - nanopb/encode (= 0.3.901)
  - nanopb/decode (0.3.901)
  - nanopb/encode (0.3.901)
  - Protobuf (3.8.0)
  - TesseractOCRiOS (5.0.1)

DEPENDENCIES:
  - Alamofire
  - ALCameraViewController (from `https://github.com/nguyentruongky/ALCameraViewController.git`, commit `6c6ad27e3a539c99b815eeeb536d94a135b46c86`)
  - FacebookCore
  - FacebookLogin
  - FacebookShare
  - Firebase/Auth
  - Firebase/Core
  - Firebase/Firestore
  - Firebase/Storage
  - GPUImage
  - GrowingTextView
  - GSMessages
  - Kingfisher
  - TesseractOCRiOS

SPEC REPOS:
  https://github.com/cocoapods/specs.git:
    - Alamofire
    - BoringSSL-GRPC
    - FacebookCore
    - FacebookLogin
    - FacebookShare
    - FBSDKCoreKit
    - FBSDKLoginKit
    - FBSDKShareKit
    - Firebase
    - FirebaseAnalytics
    - FirebaseAuth
    - FirebaseAuthInterop
    - FirebaseCore
    - FirebaseFirestore
    - FirebaseInstanceID
    - FirebaseStorage
    - GoogleAppMeasurement
    - GoogleUtilities
    - GPUImage
    - GrowingTextView
    - "gRPC-C++"
    - gRPC-Core
    - GSMessages
    - GTMSessionFetcher
    - Kingfisher
    - leveldb-library
    - nanopb
    - Protobuf
    - TesseractOCRiOS

EXTERNAL SOURCES:
  ALCameraViewController:
    :commit: 6c6ad27e3a539c99b815eeeb536d94a135b46c86
    :git: https://github.com/nguyentruongky/ALCameraViewController.git

CHECKOUT OPTIONS:
  ALCameraViewController:
    :commit: 6c6ad27e3a539c99b815eeeb536d94a135b46c86
    :git: https://github.com/nguyentruongky/ALCameraViewController.git

SPEC CHECKSUMS:
  Alamofire: ae5c501addb7afdbb13687d7f2f722c78734c2d3
  ALCameraViewController: f4a52c7b2d75df179d5e34c1c5c4a2a219c8f368
  BoringSSL-GRPC: db8764df3204ccea016e1c8dd15d9a9ad63ff318
  FacebookCore: 4eee98476cb37a485af5d337eb21f8cd5b3c7e6c
  FacebookLogin: 94cdad6850e86a2b04704dedfe7674a7af8148eb
  FacebookShare: dd4954712db61e078aea483bdf89e1b2ae3574b5
  FBSDKCoreKit: 3e41c402eb64ea7799c71833ff9e5690f27b9c42
  FBSDKLoginKit: a88f36da648e4c5d60eb261c63eac067abb97130
  FBSDKShareKit: 8695bbb97c18a381bbf2851a3f24f95a59121b82
  Firebase: 5965bac23e7fcb5fa6d926ed429c9ecef8a2014e
  FirebaseAnalytics: 629301c2b9925f3537d4093a17a72751ae5b7084
  FirebaseAuth: 80879f0e9f2c5f40686d5b42f6ccb3cd5dce78ea
  FirebaseAuthInterop: 0ffa57668be100582bb7643d4fcb7615496c41fc
  FirebaseCore: b0f0262acebfa540e5f97b3832dbb13186980822
  FirebaseFirestore: d9c55dfd0cd648f420cc8340c4940dc3eab2d860
  FirebaseInstanceID: cdb3827746d53ece7ae87a5c51c25c3055443366
  FirebaseStorage: 926d41552072b9fee67aa645760f05f87b7ce604
  GoogleAppMeasurement: 51d8d9ea48f0ca44484d29cfbdef976fbd4fc336
  GoogleUtilities: 996e0db07153674fd1b54b220fda3a3dc3547cba
  GPUImage: 733a5f0fab92df9de1c37ba9df520a833ccb406d
  GrowingTextView: b946b0d1c33e0953725b9695d14f144cc35b2031
  "gRPC-C++": 9dfe7b44821e7b3e44aacad2af29d2c21f7cde83
  gRPC-Core: c9aef9a261a1247e881b18059b84d597293c9947
  GSMessages: 05bedc25bd278a1bf4260d6de526de0fc84cfef7
  GTMSessionFetcher: 61bb0f61a4cb560030f1222021178008a5727a23
  Kingfisher: 1a50df6880a60bae26f3e21a0df3d17b892f5e0b
  leveldb-library: 08cba283675b7ed2d99629a4bc5fd052cd2bb6a5
  nanopb: 2901f78ea1b7b4015c860c2fdd1ea2fee1a18d48
  Protobuf: 3f617b9a6e73605565086864c9bc26b2bf2dd5a3
  TesseractOCRiOS: 2c189465f86abb030d0c5141c90da9705b647854

PODFILE CHECKSUM: fd672b98244161fef0b90de4f6c4b4177adc40e9

COCOAPODS: 1.6.1
