// !$*UTF8*$!
{
	archiveVersion = 1;
	classes = {
	};
	objectVersion = 50;
	objects = {

/* Begin PBXBuildFile section */
		264997E622B0A6E800C3BDF3 /* Quote.swift in Sources */ = {isa = PBXBuildFile; fileRef = 264997E522B0A6E800C3BDF3 /* Quote.swift */; };
		264997E822B0A6F100C3BDF3 /* BookDetailUI.swift in Sources */ = {isa = PBXBuildFile; fileRef = 264997E722B0A6F100C3BDF3 /* BookDetailUI.swift */; };
		264997EA22B0BA5500C3BDF3 /* knPopup.swift in Sources */ = {isa = PBXBuildFile; fileRef = 264997E922B0BA5500C3BDF3 /* knPopup.swift */; };
		264997ED22B0BA6600C3BDF3 /* AddQuoteView.swift in Sources */ = {isa = PBXBuildFile; fileRef = 264997EC22B0BA6600C3BDF3 /* AddQuoteView.swift */; };
		264997F122B0E8E100C3BDF3 /* GetQuotesWorker.swift in Sources */ = {isa = PBXBuildFile; fileRef = 264997F022B0E8E100C3BDF3 /* GetQuotesWorker.swift */; };
		264997F322B0ED7400C3BDF3 /* AddQuoteWorker.swift in Sources */ = {isa = PBXBuildFile; fileRef = 264997F222B0ED7400C3BDF3 /* AddQuoteWorker.swift */; };
		264997F522B0F8BE00C3BDF3 /* LoginController.swift in Sources */ = {isa = PBXBuildFile; fileRef = 264997F422B0F8BE00C3BDF3 /* LoginController.swift */; };
		266AC5792253010300FCEE5A /* AppDelegate.swift in Sources */ = {isa = PBXBuildFile; fileRef = 266AC5782253010300FCEE5A /* AppDelegate.swift */; };
		266AC5802253010500FCEE5A /* Assets.xcassets in Resources */ = {isa = PBXBuildFile; fileRef = 266AC57F2253010500FCEE5A /* Assets.xcassets */; };
		266AC5832253010500FCEE5A /* LaunchScreen.storyboard in Resources */ = {isa = PBXBuildFile; fileRef = 266AC5812253010500FCEE5A /* LaunchScreen.storyboard */; };
		266AC5A82253014C00FCEE5A /* knUIMaker.swift in Sources */ = {isa = PBXBuildFile; fileRef = 266AC58E2253014B00FCEE5A /* knUIMaker.swift */; };
		266AC5A92253014C00FCEE5A /* DeviceType.swift in Sources */ = {isa = PBXBuildFile; fileRef = 266AC58F2253014B00FCEE5A /* DeviceType.swift */; };
		266AC5AA2253014C00FCEE5A /* 1.StartPoint.swift in Sources */ = {isa = PBXBuildFile; fileRef = 266AC5902253014B00FCEE5A /* 1.StartPoint.swift */; };
		266AC5AB2253014C00FCEE5A /* IntExtension.swift in Sources */ = {isa = PBXBuildFile; fileRef = 266AC5912253014B00FCEE5A /* IntExtension.swift */; };
		266AC5AC2253014C00FCEE5A /* UIViewControllerExtension.swift in Sources */ = {isa = PBXBuildFile; fileRef = 266AC5922253014B00FCEE5A /* UIViewControllerExtension.swift */; };
		266AC5AD2253014C00FCEE5A /* UIViewExtension.swift in Sources */ = {isa = PBXBuildFile; fileRef = 266AC5932253014B00FCEE5A /* UIViewExtension.swift */; };
		266AC5AE2253014C00FCEE5A /* DateExtension.swift in Sources */ = {isa = PBXBuildFile; fileRef = 266AC5942253014B00FCEE5A /* DateExtension.swift */; };
		266AC5AF2253014C00FCEE5A /* knGridView.swift in Sources */ = {isa = PBXBuildFile; fileRef = 266AC5952253014B00FCEE5A /* knGridView.swift */; };
		266AC5B02253014C00FCEE5A /* knController.swift in Sources */ = {isa = PBXBuildFile; fileRef = 266AC5962253014C00FCEE5A /* knController.swift */; };
		266AC5B12253014C00FCEE5A /* knListView.swift in Sources */ = {isa = PBXBuildFile; fileRef = 266AC5972253014C00FCEE5A /* knListView.swift */; };
		266AC5B22253014C00FCEE5A /* UIImageExtension.swift in Sources */ = {isa = PBXBuildFile; fileRef = 266AC5982253014C00FCEE5A /* UIImageExtension.swift */; };
		266AC5B32253014C00FCEE5A /* UIColorExtension.swift in Sources */ = {isa = PBXBuildFile; fileRef = 266AC5992253014C00FCEE5A /* UIColorExtension.swift */; };
		266AC5B42253014C00FCEE5A /* UIButtonExtension.swift in Sources */ = {isa = PBXBuildFile; fileRef = 266AC59A2253014C00FCEE5A /* UIButtonExtension.swift */; };
		266AC5B52253014C00FCEE5A /* OtherExtensions.swift in Sources */ = {isa = PBXBuildFile; fileRef = 266AC59B2253014C00FCEE5A /* OtherExtensions.swift */; };
		266AC5B62253014C00FCEE5A /* UIFontExtension.swift in Sources */ = {isa = PBXBuildFile; fileRef = 266AC59C2253014C00FCEE5A /* UIFontExtension.swift */; };
		266AC5B72253014C00FCEE5A /* KMPlaceholderTextView.swift in Sources */ = {isa = PBXBuildFile; fileRef = 266AC59D2253014C00FCEE5A /* KMPlaceholderTextView.swift */; };
		266AC5B82253014C00FCEE5A /* General.swift in Sources */ = {isa = PBXBuildFile; fileRef = 266AC59E2253014C00FCEE5A /* General.swift */; };
		266AC5B92253014C00FCEE5A /* UITextFieldExtension.swift in Sources */ = {isa = PBXBuildFile; fileRef = 266AC59F2253014C00FCEE5A /* UITextFieldExtension.swift */; };
		266AC5BA2253014C00FCEE5A /* NavigationExtension.swift in Sources */ = {isa = PBXBuildFile; fileRef = 266AC5A02253014C00FCEE5A /* NavigationExtension.swift */; };
		266AC5BB2253014C00FCEE5A /* UISearchBarExtension.swift in Sources */ = {isa = PBXBuildFile; fileRef = 266AC5A12253014C00FCEE5A /* UISearchBarExtension.swift */; };
		266AC5BC2253014C00FCEE5A /* ServiceConnector.swift in Sources */ = {isa = PBXBuildFile; fileRef = 266AC5A22253014C00FCEE5A /* ServiceConnector.swift */; };
		266AC5BD2253014C00FCEE5A /* UIApplicationExtension.swift in Sources */ = {isa = PBXBuildFile; fileRef = 266AC5A32253014C00FCEE5A /* UIApplicationExtension.swift */; };
		266AC5BE2253014C00FCEE5A /* 1.Setting.swift in Sources */ = {isa = PBXBuildFile; fileRef = 266AC5A42253014C00FCEE5A /* 1.Setting.swift */; };
		266AC5BF2253014C00FCEE5A /* knView.swift in Sources */ = {isa = PBXBuildFile; fileRef = 266AC5A52253014C00FCEE5A /* knView.swift */; };
		266AC5C02253014C00FCEE5A /* StringExtension.swift in Sources */ = {isa = PBXBuildFile; fileRef = 266AC5A62253014C00FCEE5A /* StringExtension.swift */; };
		266AC5C12253014C00FCEE5A /* knConstraints.swift in Sources */ = {isa = PBXBuildFile; fileRef = 266AC5A72253014C00FCEE5A /* knConstraints.swift */; };
		266AC5C52253029C00FCEE5A /* Controller+Keyboard.swift in Sources */ = {isa = PBXBuildFile; fileRef = 266AC5C42253029C00FCEE5A /* Controller+Keyboard.swift */; };
		266D71F322B38A7600726EFA /* SearchController.swift in Sources */ = {isa = PBXBuildFile; fileRef = 266D71F222B38A7600726EFA /* SearchController.swift */; };
		266D71F522B3999D00726EFA /* knStateview.swift in Sources */ = {isa = PBXBuildFile; fileRef = 266D71F422B3999D00726EFA /* knStateview.swift */; };
		266D71F722B39B4C00726EFA /* SearchBooksWorker.swift in Sources */ = {isa = PBXBuildFile; fileRef = 266D71F622B39B4C00726EFA /* SearchBooksWorker.swift */; };
		266D71F922B39D8000726EFA /* UIImage+Gif.swift in Sources */ = {isa = PBXBuildFile; fileRef = 266D71F822B39D8000726EFA /* UIImage+Gif.swift */; };
		26C2813322AF5A730058910B /* AddBookController.swift in Sources */ = {isa = PBXBuildFile; fileRef = 26C2813222AF5A730058910B /* AddBookController.swift */; };
		26C2813622AF5AE00058910B /* AddBookUI.swift in Sources */ = {isa = PBXBuildFile; fileRef = 26C2813522AF5AE00058910B /* AddBookUI.swift */; };
		26C2814322AF5BDA0058910B /* Colors.swift in Sources */ = {isa = PBXBuildFile; fileRef = 26C2813C22AF5BD90058910B /* Colors.swift */; };
		26C2814A22AF631A0058910B /* Montserrat-ExtraBold.ttf in Resources */ = {isa = PBXBuildFile; fileRef = 26C2813B22AF5BD90058910B /* Montserrat-ExtraBold.ttf */; };
		26C2814B22AF631A0058910B /* Montserrat-Light.ttf in Resources */ = {isa = PBXBuildFile; fileRef = 26C2813E22AF5BD90058910B /* Montserrat-Light.ttf */; };
		26C2814C22AF631A0058910B /* Montserrat-Medium.ttf in Resources */ = {isa = PBXBuildFile; fileRef = 26C2813D22AF5BD90058910B /* Montserrat-Medium.ttf */; };
		26C2814D22AF631A0058910B /* Montserrat-Regular.ttf in Resources */ = {isa = PBXBuildFile; fileRef = 26C2813F22AF5BDA0058910B /* Montserrat-Regular.ttf */; };
		26C2814E22AF631A0058910B /* Montserrat-SemiBold.ttf in Resources */ = {isa = PBXBuildFile; fileRef = 26C2813922AF5BD90058910B /* Montserrat-SemiBold.ttf */; };
		26C2815022AF67E40058910B /* GoogleService-Info.plist in Resources */ = {isa = PBXBuildFile; fileRef = 26C2814F22AF67E40058910B /* GoogleService-Info.plist */; };
		26C8B54522B2262700D83413 /* GetMyDetailWorker.swift in Sources */ = {isa = PBXBuildFile; fileRef = 26C8B54422B2262700D83413 /* GetMyDetailWorker.swift */; };
		26C8B54722B2275100D83413 /* QuoteCell.swift in Sources */ = {isa = PBXBuildFile; fileRef = 26C8B54622B2275100D83413 /* QuoteCell.swift */; };
		26C8B54922B227AF00D83413 /* GetQuoterWorker.swift in Sources */ = {isa = PBXBuildFile; fileRef = 26C8B54822B227AF00D83413 /* GetQuoterWorker.swift */; };
		26C8B54E22B2465300D83413 /* Boss.swift in Sources */ = {isa = PBXBuildFile; fileRef = 26C8B54D22B2465300D83413 /* Boss.swift */; };
		26C8B55022B253D500D83413 /* AddReadingWorker.swift in Sources */ = {isa = PBXBuildFile; fileRef = 26C8B54F22B253D500D83413 /* AddReadingWorker.swift */; };
		26C8B55222B254A500D83413 /* GetMyReadingWorker.swift in Sources */ = {isa = PBXBuildFile; fileRef = 26C8B55122B254A500D83413 /* GetMyReadingWorker.swift */; };
		26D9897522AF73A9007DA40D /* DB.swift in Sources */ = {isa = PBXBuildFile; fileRef = 26D9897422AF73A9007DA40D /* DB.swift */; };
		26D9897722AF8158007DA40D /* AddBookWorker.swift in Sources */ = {isa = PBXBuildFile; fileRef = 26D9897622AF8158007DA40D /* AddBookWorker.swift */; };
		26D9897922AF815C007DA40D /* Book.swift in Sources */ = {isa = PBXBuildFile; fileRef = 26D9897822AF815C007DA40D /* Book.swift */; };
		26D9897B22AF8362007DA40D /* FileStorage.swift in Sources */ = {isa = PBXBuildFile; fileRef = 26D9897A22AF8362007DA40D /* FileStorage.swift */; };
		26D9897D22AF880D007DA40D /* knPhotoSelectWorker.swift in Sources */ = {isa = PBXBuildFile; fileRef = 26D9897C22AF880D007DA40D /* knPhotoSelectWorker.swift */; };
		26D9898222AF9357007DA40D /* ExploreController.swift in Sources */ = {isa = PBXBuildFile; fileRef = 26D9898122AF9357007DA40D /* ExploreController.swift */; };
		26D9898422AF9BA7007DA40D /* BookShelfView.swift in Sources */ = {isa = PBXBuildFile; fileRef = 26D9898322AF9BA7007DA40D /* BookShelfView.swift */; };
		26D9898622AFA594007DA40D /* ExploreUI.swift in Sources */ = {isa = PBXBuildFile; fileRef = 26D9898522AFA594007DA40D /* ExploreUI.swift */; };
		26D9898A22AFA6F9007DA40D /* GetBooksWorker.swift in Sources */ = {isa = PBXBuildFile; fileRef = 26D9898922AFA6F9007DA40D /* GetBooksWorker.swift */; };
		26D9899022AFB49A007DA40D /* BookDetailController.swift in Sources */ = {isa = PBXBuildFile; fileRef = 26D9898F22AFB49A007DA40D /* BookDetailController.swift */; };
		26EA57C822B2015500BD5006 /* MessageHub.swift in Sources */ = {isa = PBXBuildFile; fileRef = 26EA57C722B2015500BD5006 /* MessageHub.swift */; };
		26EA57CA22B2057900BD5006 /* FacebookLoginWorker.swift in Sources */ = {isa = PBXBuildFile; fileRef = 26EA57C922B2057900BD5006 /* FacebookLoginWorker.swift */; };
		26EA57CC22B208F800BD5006 /* Reader.swift in Sources */ = {isa = PBXBuildFile; fileRef = 26EA57CB22B208F800BD5006 /* Reader.swift */; };
		44BBE561C21CE23E0831F8A1 /* Pods_QuoteSharing.framework in Frameworks */ = {isa = PBXBuildFile; fileRef = 73082604FD360A5F3378C76E /* Pods_QuoteSharing.framework */; };
/* End PBXBuildFile section */

/* Begin PBXFileReference section */
		1A980369AC42516C1E257CE9 /* Pods-QuoteSharing.debug.xcconfig */ = {isa = PBXFileReference; includeInIndex = 1; lastKnownFileType = text.xcconfig; name = "Pods-QuoteSharing.debug.xcconfig"; path = "Target Support Files/Pods-QuoteSharing/Pods-QuoteSharing.debug.xcconfig"; sourceTree = "<group>"; };
		264997E522B0A6E800C3BDF3 /* Quote.swift */ = {isa = PBXFileReference; lastKnownFileType = sourcecode.swift; path = Quote.swift; sourceTree = "<group>"; };
		264997E722B0A6F100C3BDF3 /* BookDetailUI.swift */ = {isa = PBXFileReference; lastKnownFileType = sourcecode.swift; path = BookDetailUI.swift; sourceTree = "<group>"; };
		264997E922B0BA5500C3BDF3 /* knPopup.swift */ = {isa = PBXFileReference; fileEncoding = 4; lastKnownFileType = sourcecode.swift; path = knPopup.swift; sourceTree = "<group>"; };
		264997EC22B0BA6600C3BDF3 /* AddQuoteView.swift */ = {isa = PBXFileReference; lastKnownFileType = sourcecode.swift; path = AddQuoteView.swift; sourceTree = "<group>"; };
		264997F022B0E8E100C3BDF3 /* GetQuotesWorker.swift */ = {isa = PBXFileReference; lastKnownFileType = sourcecode.swift; path = GetQuotesWorker.swift; sourceTree = "<group>"; };
		264997F222B0ED7400C3BDF3 /* AddQuoteWorker.swift */ = {isa = PBXFileReference; lastKnownFileType = sourcecode.swift; path = AddQuoteWorker.swift; sourceTree = "<group>"; };
		264997F422B0F8BE00C3BDF3 /* LoginController.swift */ = {isa = PBXFileReference; lastKnownFileType = sourcecode.swift; path = LoginController.swift; sourceTree = "<group>"; };
		266AC5752253010300FCEE5A /* QuoteSharing.app */ = {isa = PBXFileReference; explicitFileType = wrapper.application; includeInIndex = 0; path = QuoteSharing.app; sourceTree = BUILT_PRODUCTS_DIR; };
		266AC5782253010300FCEE5A /* AppDelegate.swift */ = {isa = PBXFileReference; lastKnownFileType = sourcecode.swift; path = AppDelegate.swift; sourceTree = "<group>"; };
		266AC57F2253010500FCEE5A /* Assets.xcassets */ = {isa = PBXFileReference; lastKnownFileType = folder.assetcatalog; path = Assets.xcassets; sourceTree = "<group>"; };
		266AC5822253010500FCEE5A /* Base */ = {isa = PBXFileReference; lastKnownFileType = file.storyboard; name = Base; path = Base.lproj/LaunchScreen.storyboard; sourceTree = "<group>"; };
		266AC5842253010500FCEE5A /* Info.plist */ = {isa = PBXFileReference; lastKnownFileType = text.plist.xml; path = Info.plist; sourceTree = "<group>"; };
		266AC58E2253014B00FCEE5A /* knUIMaker.swift */ = {isa = PBXFileReference; fileEncoding = 4; lastKnownFileType = sourcecode.swift; path = knUIMaker.swift; sourceTree = "<group>"; };
		266AC58F2253014B00FCEE5A /* DeviceType.swift */ = {isa = PBXFileReference; fileEncoding = 4; lastKnownFileType = sourcecode.swift; path = DeviceType.swift; sourceTree = "<group>"; };
		266AC5902253014B00FCEE5A /* 1.StartPoint.swift */ = {isa = PBXFileReference; fileEncoding = 4; lastKnownFileType = sourcecode.swift; path = 1.StartPoint.swift; sourceTree = "<group>"; };
		266AC5912253014B00FCEE5A /* IntExtension.swift */ = {isa = PBXFileReference; fileEncoding = 4; lastKnownFileType = sourcecode.swift; path = IntExtension.swift; sourceTree = "<group>"; };
		266AC5922253014B00FCEE5A /* UIViewControllerExtension.swift */ = {isa = PBXFileReference; fileEncoding = 4; lastKnownFileType = sourcecode.swift; path = UIViewControllerExtension.swift; sourceTree = "<group>"; };
		266AC5932253014B00FCEE5A /* UIViewExtension.swift */ = {isa = PBXFileReference; fileEncoding = 4; lastKnownFileType = sourcecode.swift; path = UIViewExtension.swift; sourceTree = "<group>"; };
		266AC5942253014B00FCEE5A /* DateExtension.swift */ = {isa = PBXFileReference; fileEncoding = 4; lastKnownFileType = sourcecode.swift; path = DateExtension.swift; sourceTree = "<group>"; };
		266AC5952253014B00FCEE5A /* knGridView.swift */ = {isa = PBXFileReference; fileEncoding = 4; lastKnownFileType = sourcecode.swift; path = knGridView.swift; sourceTree = "<group>"; };
		266AC5962253014C00FCEE5A /* knController.swift */ = {isa = PBXFileReference; fileEncoding = 4; lastKnownFileType = sourcecode.swift; path = knController.swift; sourceTree = "<group>"; };
		266AC5972253014C00FCEE5A /* knListView.swift */ = {isa = PBXFileReference; fileEncoding = 4; lastKnownFileType = sourcecode.swift; path = knListView.swift; sourceTree = "<group>"; };
		266AC5982253014C00FCEE5A /* UIImageExtension.swift */ = {isa = PBXFileReference; fileEncoding = 4; lastKnownFileType = sourcecode.swift; path = UIImageExtension.swift; sourceTree = "<group>"; };
		266AC5992253014C00FCEE5A /* UIColorExtension.swift */ = {isa = PBXFileReference; fileEncoding = 4; lastKnownFileType = sourcecode.swift; path = UIColorExtension.swift; sourceTree = "<group>"; };
		266AC59A2253014C00FCEE5A /* UIButtonExtension.swift */ = {isa = PBXFileReference; fileEncoding = 4; lastKnownFileType = sourcecode.swift; path = UIButtonExtension.swift; sourceTree = "<group>"; };
		266AC59B2253014C00FCEE5A /* OtherExtensions.swift */ = {isa = PBXFileReference; fileEncoding = 4; lastKnownFileType = sourcecode.swift; path = OtherExtensions.swift; sourceTree = "<group>"; };
		266AC59C2253014C00FCEE5A /* UIFontExtension.swift */ = {isa = PBXFileReference; fileEncoding = 4; lastKnownFileType = sourcecode.swift; path = UIFontExtension.swift; sourceTree = "<group>"; };
		266AC59D2253014C00FCEE5A /* KMPlaceholderTextView.swift */ = {isa = PBXFileReference; fileEncoding = 4; lastKnownFileType = sourcecode.swift; path = KMPlaceholderTextView.swift; sourceTree = "<group>"; };
		266AC59E2253014C00FCEE5A /* General.swift */ = {isa = PBXFileReference; fileEncoding = 4; lastKnownFileType = sourcecode.swift; path = General.swift; sourceTree = "<group>"; };
		266AC59F2253014C00FCEE5A /* UITextFieldExtension.swift */ = {isa = PBXFileReference; fileEncoding = 4; lastKnownFileType = sourcecode.swift; path = UITextFieldExtension.swift; sourceTree = "<group>"; };
		266AC5A02253014C00FCEE5A /* NavigationExtension.swift */ = {isa = PBXFileReference; fileEncoding = 4; lastKnownFileType = sourcecode.swift; path = NavigationExtension.swift; sourceTree = "<group>"; };
		266AC5A12253014C00FCEE5A /* UISearchBarExtension.swift */ = {isa = PBXFileReference; fileEncoding = 4; lastKnownFileType = sourcecode.swift; path = UISearchBarExtension.swift; sourceTree = "<group>"; };
		266AC5A22253014C00FCEE5A /* ServiceConnector.swift */ = {isa = PBXFileReference; fileEncoding = 4; lastKnownFileType = sourcecode.swift; path = ServiceConnector.swift; sourceTree = "<group>"; };
		266AC5A32253014C00FCEE5A /* UIApplicationExtension.swift */ = {isa = PBXFileReference; fileEncoding = 4; lastKnownFileType = sourcecode.swift; path = UIApplicationExtension.swift; sourceTree = "<group>"; };
		266AC5A42253014C00FCEE5A /* 1.Setting.swift */ = {isa = PBXFileReference; fileEncoding = 4; lastKnownFileType = sourcecode.swift; path = 1.Setting.swift; sourceTree = "<group>"; };
		266AC5A52253014C00FCEE5A /* knView.swift */ = {isa = PBXFileReference; fileEncoding = 4; lastKnownFileType = sourcecode.swift; path = knView.swift; sourceTree = "<group>"; };
		266AC5A62253014C00FCEE5A /* StringExtension.swift */ = {isa = PBXFileReference; fileEncoding = 4; lastKnownFileType = sourcecode.swift; path = StringExtension.swift; sourceTree = "<group>"; };
		266AC5A72253014C00FCEE5A /* knConstraints.swift */ = {isa = PBXFileReference; fileEncoding = 4; lastKnownFileType = sourcecode.swift; path = knConstraints.swift; sourceTree = "<group>"; };
		266AC5C42253029C00FCEE5A /* Controller+Keyboard.swift */ = {isa = PBXFileReference; fileEncoding = 4; lastKnownFileType = sourcecode.swift; path = "Controller+Keyboard.swift"; sourceTree = "<group>"; };
		266D71F222B38A7600726EFA /* SearchController.swift */ = {isa = PBXFileReference; lastKnownFileType = sourcecode.swift; path = SearchController.swift; sourceTree = "<group>"; };
		266D71F422B3999D00726EFA /* knStateview.swift */ = {isa = PBXFileReference; lastKnownFileType = sourcecode.swift; path = knStateview.swift; sourceTree = "<group>"; };
		266D71F622B39B4C00726EFA /* SearchBooksWorker.swift */ = {isa = PBXFileReference; lastKnownFileType = sourcecode.swift; path = SearchBooksWorker.swift; sourceTree = "<group>"; };
		266D71F822B39D8000726EFA /* UIImage+Gif.swift */ = {isa = PBXFileReference; lastKnownFileType = sourcecode.swift; path = "UIImage+Gif.swift"; sourceTree = "<group>"; };
		26C2813222AF5A730058910B /* AddBookController.swift */ = {isa = PBXFileReference; lastKnownFileType = sourcecode.swift; path = AddBookController.swift; sourceTree = "<group>"; };
		26C2813522AF5AE00058910B /* AddBookUI.swift */ = {isa = PBXFileReference; lastKnownFileType = sourcecode.swift; path = AddBookUI.swift; sourceTree = "<group>"; };
		26C2813922AF5BD90058910B /* Montserrat-SemiBold.ttf */ = {isa = PBXFileReference; lastKnownFileType = file; path = "Montserrat-SemiBold.ttf"; sourceTree = "<group>"; };
		26C2813B22AF5BD90058910B /* Montserrat-ExtraBold.ttf */ = {isa = PBXFileReference; lastKnownFileType = file; path = "Montserrat-ExtraBold.ttf"; sourceTree = "<group>"; };
		26C2813C22AF5BD90058910B /* Colors.swift */ = {isa = PBXFileReference; fileEncoding = 4; lastKnownFileType = sourcecode.swift; path = Colors.swift; sourceTree = "<group>"; };
		26C2813D22AF5BD90058910B /* Montserrat-Medium.ttf */ = {isa = PBXFileReference; lastKnownFileType = file; path = "Montserrat-Medium.ttf"; sourceTree = "<group>"; };
		26C2813E22AF5BD90058910B /* Montserrat-Light.ttf */ = {isa = PBXFileReference; lastKnownFileType = file; path = "Montserrat-Light.ttf"; sourceTree = "<group>"; };
		26C2813F22AF5BDA0058910B /* Montserrat-Regular.ttf */ = {isa = PBXFileReference; lastKnownFileType = file; path = "Montserrat-Regular.ttf"; sourceTree = "<group>"; };
		26C2814F22AF67E40058910B /* GoogleService-Info.plist */ = {isa = PBXFileReference; fileEncoding = 4; lastKnownFileType = text.plist.xml; path = "GoogleService-Info.plist"; sourceTree = "<group>"; };
		26C8B54422B2262700D83413 /* GetMyDetailWorker.swift */ = {isa = PBXFileReference; lastKnownFileType = sourcecode.swift; path = GetMyDetailWorker.swift; sourceTree = "<group>"; };
		26C8B54622B2275100D83413 /* QuoteCell.swift */ = {isa = PBXFileReference; lastKnownFileType = sourcecode.swift; path = QuoteCell.swift; sourceTree = "<group>"; };
		26C8B54822B227AF00D83413 /* GetQuoterWorker.swift */ = {isa = PBXFileReference; lastKnownFileType = sourcecode.swift; path = GetQuoterWorker.swift; sourceTree = "<group>"; };
		26C8B54D22B2465300D83413 /* Boss.swift */ = {isa = PBXFileReference; lastKnownFileType = sourcecode.swift; path = Boss.swift; sourceTree = "<group>"; };
		26C8B54F22B253D500D83413 /* AddReadingWorker.swift */ = {isa = PBXFileReference; lastKnownFileType = sourcecode.swift; path = AddReadingWorker.swift; sourceTree = "<group>"; };
		26C8B55122B254A500D83413 /* GetMyReadingWorker.swift */ = {isa = PBXFileReference; lastKnownFileType = sourcecode.swift; path = GetMyReadingWorker.swift; sourceTree = "<group>"; };
		26D9897422AF73A9007DA40D /* DB.swift */ = {isa = PBXFileReference; fileEncoding = 4; lastKnownFileType = sourcecode.swift; path = DB.swift; sourceTree = "<group>"; };
		26D9897622AF8158007DA40D /* AddBookWorker.swift */ = {isa = PBXFileReference; lastKnownFileType = sourcecode.swift; path = AddBookWorker.swift; sourceTree = "<group>"; };
		26D9897822AF815C007DA40D /* Book.swift */ = {isa = PBXFileReference; lastKnownFileType = sourcecode.swift; path = Book.swift; sourceTree = "<group>"; };
		26D9897A22AF8362007DA40D /* FileStorage.swift */ = {isa = PBXFileReference; lastKnownFileType = sourcecode.swift; path = FileStorage.swift; sourceTree = "<group>"; };
		26D9897C22AF880D007DA40D /* knPhotoSelectWorker.swift */ = {isa = PBXFileReference; fileEncoding = 4; lastKnownFileType = sourcecode.swift; path = knPhotoSelectWorker.swift; sourceTree = "<group>"; };
		26D9898122AF9357007DA40D /* ExploreController.swift */ = {isa = PBXFileReference; fileEncoding = 4; lastKnownFileType = sourcecode.swift; path = ExploreController.swift; sourceTree = "<group>"; };
		26D9898322AF9BA7007DA40D /* BookShelfView.swift */ = {isa = PBXFileReference; lastKnownFileType = sourcecode.swift; path = BookShelfView.swift; sourceTree = "<group>"; };
		26D9898522AFA594007DA40D /* ExploreUI.swift */ = {isa = PBXFileReference; lastKnownFileType = sourcecode.swift; path = ExploreUI.swift; sourceTree = "<group>"; };
		26D9898922AFA6F9007DA40D /* GetBooksWorker.swift */ = {isa = PBXFileReference; lastKnownFileType = sourcecode.swift; path = GetBooksWorker.swift; sourceTree = "<group>"; };
		26D9898F22AFB49A007DA40D /* BookDetailController.swift */ = {isa = PBXFileReference; lastKnownFileType = sourcecode.swift; path = BookDetailController.swift; sourceTree = "<group>"; };
		26EA57C722B2015500BD5006 /* MessageHub.swift */ = {isa = PBXFileReference; lastKnownFileType = sourcecode.swift; path = MessageHub.swift; sourceTree = "<group>"; };
		26EA57C922B2057900BD5006 /* FacebookLoginWorker.swift */ = {isa = PBXFileReference; lastKnownFileType = sourcecode.swift; path = FacebookLoginWorker.swift; sourceTree = "<group>"; };
		26EA57CB22B208F800BD5006 /* Reader.swift */ = {isa = PBXFileReference; lastKnownFileType = sourcecode.swift; path = Reader.swift; sourceTree = "<group>"; };
		73082604FD360A5F3378C76E /* Pods_QuoteSharing.framework */ = {isa = PBXFileReference; explicitFileType = wrapper.framework; includeInIndex = 0; path = Pods_QuoteSharing.framework; sourceTree = BUILT_PRODUCTS_DIR; };
		CBBA81579447E8B563457896 /* Pods-QuoteSharing.release.xcconfig */ = {isa = PBXFileReference; includeInIndex = 1; lastKnownFileType = text.xcconfig; name = "Pods-QuoteSharing.release.xcconfig"; path = "Target Support Files/Pods-QuoteSharing/Pods-QuoteSharing.release.xcconfig"; sourceTree = "<group>"; };
/* End PBXFileReference section */

/* Begin PBXFrameworksBuildPhase section */
		266AC5722253010300FCEE5A /* Frameworks */ = {
			isa = PBXFrameworksBuildPhase;
			buildActionMask = 2147483647;
			files = (
				44BBE561C21CE23E0831F8A1 /* Pods_QuoteSharing.framework in Frameworks */,
			);
			runOnlyForDeploymentPostprocessing = 0;
		};
/* End PBXFrameworksBuildPhase section */

/* Begin PBXGroup section */
		264997EB22B0BA6000C3BDF3 /* Quote */ = {
			isa = PBXGroup;
			children = (
				264997EC22B0BA6600C3BDF3 /* AddQuoteView.swift */,
				264997F222B0ED7400C3BDF3 /* AddQuoteWorker.swift */,
				264997E522B0A6E800C3BDF3 /* Quote.swift */,
				26C8B54622B2275100D83413 /* QuoteCell.swift */,
				26C8B54822B227AF00D83413 /* GetQuoterWorker.swift */,
			);
			path = Quote;
			sourceTree = "<group>";
		};
		264997F622B0F8C200C3BDF3 /* Login */ = {
			isa = PBXGroup;
			children = (
				264997F422B0F8BE00C3BDF3 /* LoginController.swift */,
				26EA57C922B2057900BD5006 /* FacebookLoginWorker.swift */,
				26EA57CB22B208F800BD5006 /* Reader.swift */,
			);
			path = Login;
			sourceTree = "<group>";
		};
		266AC56C2253010300FCEE5A = {
			isa = PBXGroup;
			children = (
				F7989F655C8D9032648A3D06 /* Frameworks */,
				8EEE5ADA11EFC1911A0AECED /* Pods */,
				266AC5762253010300FCEE5A /* Products */,
				266AC5772253010300FCEE5A /* QuoteSharing */,
			);
			sourceTree = "<group>";
		};
		266AC5762253010300FCEE5A /* Products */ = {
			isa = PBXGroup;
			children = (
				266AC5752253010300FCEE5A /* QuoteSharing.app */,
			);
			name = Products;
			sourceTree = "<group>";
		};
		266AC5772253010300FCEE5A /* QuoteSharing */ = {
			isa = PBXGroup;
			children = (
				26EA57C622B2014D00BD5006 /* Common */,
				266AC5C22253015900FCEE5A /* Config */,
				26D9897322AF73A9007DA40D /* Connector */,
				26C2813122AF5A660058910B /* Features */,
				266AC58C2253013800FCEE5A /* Libs */,
				266AC5C32253016200FCEE5A /* Resources */,
			);
			path = QuoteSharing;
			sourceTree = "<group>";
		};
		266AC58C2253013800FCEE5A /* Libs */ = {
			isa = PBXGroup;
			children = (
				266D71F422B3999D00726EFA /* knStateview.swift */,
				266D71F822B39D8000726EFA /* UIImage+Gif.swift */,
				266AC58D2253014200FCEE5A /* knStore */,
				26D9897C22AF880D007DA40D /* knPhotoSelectWorker.swift */,
				264997E922B0BA5500C3BDF3 /* knPopup.swift */,
			);
			path = Libs;
			sourceTree = "<group>";
		};
		266AC58D2253014200FCEE5A /* knStore */ = {
			isa = PBXGroup;
			children = (
				266AC5902253014B00FCEE5A /* 1.StartPoint.swift */,
				266AC5C42253029C00FCEE5A /* Controller+Keyboard.swift */,
				266AC5942253014B00FCEE5A /* DateExtension.swift */,
				266AC58F2253014B00FCEE5A /* DeviceType.swift */,
				266AC59E2253014C00FCEE5A /* General.swift */,
				266AC5912253014B00FCEE5A /* IntExtension.swift */,
				266AC59D2253014C00FCEE5A /* KMPlaceholderTextView.swift */,
				266AC5A02253014C00FCEE5A /* NavigationExtension.swift */,
				266AC59B2253014C00FCEE5A /* OtherExtensions.swift */,
				266AC5A22253014C00FCEE5A /* ServiceConnector.swift */,
				266AC5A62253014C00FCEE5A /* StringExtension.swift */,
				266AC5A32253014C00FCEE5A /* UIApplicationExtension.swift */,
				266AC59A2253014C00FCEE5A /* UIButtonExtension.swift */,
				266AC5992253014C00FCEE5A /* UIColorExtension.swift */,
				266AC59C2253014C00FCEE5A /* UIFontExtension.swift */,
				266AC5982253014C00FCEE5A /* UIImageExtension.swift */,
				266AC5A12253014C00FCEE5A /* UISearchBarExtension.swift */,
				266AC59F2253014C00FCEE5A /* UITextFieldExtension.swift */,
				266AC5922253014B00FCEE5A /* UIViewControllerExtension.swift */,
				266AC5932253014B00FCEE5A /* UIViewExtension.swift */,
				266AC5A72253014C00FCEE5A /* knConstraints.swift */,
				266AC5962253014C00FCEE5A /* knController.swift */,
				266AC5952253014B00FCEE5A /* knGridView.swift */,
				266AC5972253014C00FCEE5A /* knListView.swift */,
				266AC58E2253014B00FCEE5A /* knUIMaker.swift */,
				266AC5A52253014C00FCEE5A /* knView.swift */,
			);
			path = knStore;
			sourceTree = "<group>";
		};
		266AC5C22253015900FCEE5A /* Config */ = {
			isa = PBXGroup;
			children = (
				266AC5A42253014C00FCEE5A /* 1.Setting.swift */,
				266AC5782253010300FCEE5A /* AppDelegate.swift */,
				26C2814F22AF67E40058910B /* GoogleService-Info.plist */,
				266AC5842253010500FCEE5A /* Info.plist */,
			);
			path = Config;
			sourceTree = "<group>";
		};
		266AC5C32253016200FCEE5A /* Resources */ = {
			isa = PBXGroup;
			children = (
				26C2814722AF5BDF0058910B /* Fonts */,
				266AC57F2253010500FCEE5A /* Assets.xcassets */,
				26C2813C22AF5BD90058910B /* Colors.swift */,
				266AC5812253010500FCEE5A /* LaunchScreen.storyboard */,
			);
			path = Resources;
			sourceTree = "<group>";
		};
		26C2813122AF5A660058910B /* Features */ = {
			isa = PBXGroup;
			children = (
				26C2813422AF5ACF0058910B /* AddBook */,
				26D9898E22AFB490007DA40D /* BookDetail */,
				26D9897E22AF8EE4007DA40D /* Explore */,
				264997EB22B0BA6000C3BDF3 /* Quote */,
				264997F622B0F8C200C3BDF3 /* Login */,
				26C8B54D22B2465300D83413 /* Boss.swift */,
				266D71F222B38A7600726EFA /* SearchController.swift */,
			);
			path = Features;
			sourceTree = "<group>";
		};
		26C2813422AF5ACF0058910B /* AddBook */ = {
			isa = PBXGroup;
			children = (
				26C2813222AF5A730058910B /* AddBookController.swift */,
				26C2813522AF5AE00058910B /* AddBookUI.swift */,
				26D9897622AF8158007DA40D /* AddBookWorker.swift */,
				26D9897822AF815C007DA40D /* Book.swift */,
			);
			path = AddBook;
			sourceTree = "<group>";
		};
		26C2814722AF5BDF0058910B /* Fonts */ = {
			isa = PBXGroup;
			children = (
				26C2813B22AF5BD90058910B /* Montserrat-ExtraBold.ttf */,
				26C2813E22AF5BD90058910B /* Montserrat-Light.ttf */,
				26C2813D22AF5BD90058910B /* Montserrat-Medium.ttf */,
				26C2813F22AF5BDA0058910B /* Montserrat-Regular.ttf */,
				26C2813922AF5BD90058910B /* Montserrat-SemiBold.ttf */,
			);
			path = Fonts;
			sourceTree = "<group>";
		};
		26D9897322AF73A9007DA40D /* Connector */ = {
			isa = PBXGroup;
			children = (
				26D9897422AF73A9007DA40D /* DB.swift */,
				26D9897A22AF8362007DA40D /* FileStorage.swift */,
			);
			path = Connector;
			sourceTree = "<group>";
		};
		26D9897E22AF8EE4007DA40D /* Explore */ = {
			isa = PBXGroup;
			children = (
				26D9898B22AFB1B0007DA40D /* ShelvesView */,
				26D9898122AF9357007DA40D /* ExploreController.swift */,
				26D9898522AFA594007DA40D /* ExploreUI.swift */,
				26D9898922AFA6F9007DA40D /* GetBooksWorker.swift */,
			);
			path = Explore;
			sourceTree = "<group>";
		};
		26D9898B22AFB1B0007DA40D /* ShelvesView */ = {
			isa = PBXGroup;
			children = (
				26D9898322AF9BA7007DA40D /* BookShelfView.swift */,
			);
			path = ShelvesView;
			sourceTree = "<group>";
		};
		26D9898E22AFB490007DA40D /* BookDetail */ = {
			isa = PBXGroup;
			children = (
				26D9898F22AFB49A007DA40D /* BookDetailController.swift */,
				264997E722B0A6F100C3BDF3 /* BookDetailUI.swift */,
				264997F022B0E8E100C3BDF3 /* GetQuotesWorker.swift */,
				26C8B54F22B253D500D83413 /* AddReadingWorker.swift */,
			);
			path = BookDetail;
			sourceTree = "<group>";
		};
		26EA57C622B2014D00BD5006 /* Common */ = {
			isa = PBXGroup;
			children = (
				26EA57C722B2015500BD5006 /* MessageHub.swift */,
				26C8B54422B2262700D83413 /* GetMyDetailWorker.swift */,
				26C8B55122B254A500D83413 /* GetMyReadingWorker.swift */,
				266D71F622B39B4C00726EFA /* SearchBooksWorker.swift */,
			);
			path = Common;
			sourceTree = "<group>";
		};
		8EEE5ADA11EFC1911A0AECED /* Pods */ = {
			isa = PBXGroup;
			children = (
				1A980369AC42516C1E257CE9 /* Pods-QuoteSharing.debug.xcconfig */,
				CBBA81579447E8B563457896 /* Pods-QuoteSharing.release.xcconfig */,
			);
			path = Pods;
			sourceTree = "<group>";
		};
		F7989F655C8D9032648A3D06 /* Frameworks */ = {
			isa = PBXGroup;
			children = (
				73082604FD360A5F3378C76E /* Pods_QuoteSharing.framework */,
			);
			name = Frameworks;
			sourceTree = "<group>";
		};
/* End PBXGroup section */

/* Begin PBXNativeTarget section */
		266AC5742253010300FCEE5A /* QuoteSharing */ = {
			isa = PBXNativeTarget;
			buildConfigurationList = 266AC5872253010500FCEE5A /* Build configuration list for PBXNativeTarget "QuoteSharing" */;
			buildPhases = (
				D84111ED86ABB708801B1935 /* [CP] Check Pods Manifest.lock */,
				266AC5712253010300FCEE5A /* Sources */,
				266AC5722253010300FCEE5A /* Frameworks */,
				266AC5732253010300FCEE5A /* Resources */,
				E454DB59D3A430EF4AB99B23 /* [CP] Embed Pods Frameworks */,
			);
			buildRules = (
			);
			dependencies = (
			);
			name = QuoteSharing;
			productName = QuoteSharing;
			productReference = 266AC5752253010300FCEE5A /* QuoteSharing.app */;
			productType = "com.apple.product-type.application";
		};
/* End PBXNativeTarget section */

/* Begin PBXProject section */
		266AC56D2253010300FCEE5A /* Project object */ = {
			isa = PBXProject;
			attributes = {
				LastSwiftUpdateCheck = 1020;
				LastUpgradeCheck = 1020;
				ORGANIZATIONNAME = "Ky Nguyen";
				TargetAttributes = {
					266AC5742253010300FCEE5A = {
						CreatedOnToolsVersion = 10.2;
					};
				};
			};
			buildConfigurationList = 266AC5702253010300FCEE5A /* Build configuration list for PBXProject "QuoteSharing" */;
			compatibilityVersion = "Xcode 9.3";
			developmentRegion = en;
			hasScannedForEncodings = 0;
			knownRegions = (
				en,
				Base,
			);
			mainGroup = 266AC56C2253010300FCEE5A;
			productRefGroup = 266AC5762253010300FCEE5A /* Products */;
			projectDirPath = "";
			projectRoot = "";
			targets = (
				266AC5742253010300FCEE5A /* QuoteSharing */,
			);
		};
/* End PBXProject section */

/* Begin PBXResourcesBuildPhase section */
		266AC5732253010300FCEE5A /* Resources */ = {
			isa = PBXResourcesBuildPhase;
			buildActionMask = 2147483647;
			files = (
				26C2814D22AF631A0058910B /* Montserrat-Regular.ttf in Resources */,
				26C2815022AF67E40058910B /* GoogleService-Info.plist in Resources */,
				26C2814B22AF631A0058910B /* Montserrat-Light.ttf in Resources */,
				26C2814C22AF631A0058910B /* Montserrat-Medium.ttf in Resources */,
				26C2814E22AF631A0058910B /* Montserrat-SemiBold.ttf in Resources */,
				266AC5832253010500FCEE5A /* LaunchScreen.storyboard in Resources */,
				26C2814A22AF631A0058910B /* Montserrat-ExtraBold.ttf in Resources */,
				266AC5802253010500FCEE5A /* Assets.xcassets in Resources */,
			);
			runOnlyForDeploymentPostprocessing = 0;
		};
/* End PBXResourcesBuildPhase section */

/* Begin PBXShellScriptBuildPhase section */
		D84111ED86ABB708801B1935 /* [CP] Check Pods Manifest.lock */ = {
			isa = PBXShellScriptBuildPhase;
			buildActionMask = 2147483647;
			files = (
			);
			inputFileListPaths = (
			);
			inputPaths = (
				"${PODS_PODFILE_DIR_PATH}/Podfile.lock",
				"${PODS_ROOT}/Manifest.lock",
			);
			name = "[CP] Check Pods Manifest.lock";
			outputFileListPaths = (
			);
			outputPaths = (
				"$(DERIVED_FILE_DIR)/Pods-QuoteSharing-checkManifestLockResult.txt",
			);
			runOnlyForDeploymentPostprocessing = 0;
			shellPath = /bin/sh;
			shellScript = "diff \"${PODS_PODFILE_DIR_PATH}/Podfile.lock\" \"${PODS_ROOT}/Manifest.lock\" > /dev/null\nif [ $? != 0 ] ; then\n    # print error to STDERR\n    echo \"error: The sandbox is not in sync with the Podfile.lock. Run 'pod install' or update your CocoaPods installation.\" >&2\n    exit 1\nfi\n# This output is used by Xcode 'outputs' to avoid re-running this script phase.\necho \"SUCCESS\" > \"${SCRIPT_OUTPUT_FILE_0}\"\n";
			showEnvVarsInLog = 0;
		};
		E454DB59D3A430EF4AB99B23 /* [CP] Embed Pods Frameworks */ = {
			isa = PBXShellScriptBuildPhase;
			buildActionMask = 2147483647;
			files = (
			);
			inputFileListPaths = (
			);
			inputPaths = (
				"${PODS_ROOT}/Target Support Files/Pods-QuoteSharing/Pods-QuoteSharing-frameworks.sh",
				"${BUILT_PRODUCTS_DIR}/Alamofire/Alamofire.framework",
				"${BUILT_PRODUCTS_DIR}/BoringSSL-GRPC/openssl_grpc.framework",
				"${BUILT_PRODUCTS_DIR}/FBSDKCoreKit/FBSDKCoreKit.framework",
				"${BUILT_PRODUCTS_DIR}/FBSDKLoginKit/FBSDKLoginKit.framework",
				"${BUILT_PRODUCTS_DIR}/FBSDKShareKit/FBSDKShareKit.framework",
				"${BUILT_PRODUCTS_DIR}/FacebookCore/FacebookCore.framework",
				"${BUILT_PRODUCTS_DIR}/FacebookLogin/FacebookLogin.framework",
				"${BUILT_PRODUCTS_DIR}/FacebookShare/FacebookShare.framework",
				"${BUILT_PRODUCTS_DIR}/GSMessages/GSMessages.framework",
				"${BUILT_PRODUCTS_DIR}/GTMSessionFetcher/GTMSessionFetcher.framework",
				"${BUILT_PRODUCTS_DIR}/GoogleUtilities/GoogleUtilities.framework",
				"${BUILT_PRODUCTS_DIR}/Kingfisher/Kingfisher.framework",
				"${BUILT_PRODUCTS_DIR}/Protobuf/Protobuf.framework",
				"${BUILT_PRODUCTS_DIR}/gRPC-C++/grpcpp.framework",
				"${BUILT_PRODUCTS_DIR}/gRPC-Core/grpc.framework",
				"${BUILT_PRODUCTS_DIR}/leveldb-library/leveldb.framework",
				"${BUILT_PRODUCTS_DIR}/nanopb/nanopb.framework",
			);
			name = "[CP] Embed Pods Frameworks";
			outputFileListPaths = (
			);
			outputPaths = (
				"${TARGET_BUILD_DIR}/${FRAMEWORKS_FOLDER_PATH}/Alamofire.framework",
				"${TARGET_BUILD_DIR}/${FRAMEWORKS_FOLDER_PATH}/openssl_grpc.framework",
				"${TARGET_BUILD_DIR}/${FRAMEWORKS_FOLDER_PATH}/FBSDKCoreKit.framework",
				"${TARGET_BUILD_DIR}/${FRAMEWORKS_FOLDER_PATH}/FBSDKLoginKit.framework",
				"${TARGET_BUILD_DIR}/${FRAMEWORKS_FOLDER_PATH}/FBSDKShareKit.framework",
				"${TARGET_BUILD_DIR}/${FRAMEWORKS_FOLDER_PATH}/FacebookCore.framework",
				"${TARGET_BUILD_DIR}/${FRAMEWORKS_FOLDER_PATH}/FacebookLogin.framework",
				"${TARGET_BUILD_DIR}/${FRAMEWORKS_FOLDER_PATH}/FacebookShare.framework",
				"${TARGET_BUILD_DIR}/${FRAMEWORKS_FOLDER_PATH}/GSMessages.framework",
				"${TARGET_BUILD_DIR}/${FRAMEWORKS_FOLDER_PATH}/GTMSessionFetcher.framework",
				"${TARGET_BUILD_DIR}/${FRAMEWORKS_FOLDER_PATH}/GoogleUtilities.framework",
				"${TARGET_BUILD_DIR}/${FRAMEWORKS_FOLDER_PATH}/Kingfisher.framework",
				"${TARGET_BUILD_DIR}/${FRAMEWORKS_FOLDER_PATH}/Protobuf.framework",
				"${TARGET_BUILD_DIR}/${FRAMEWORKS_FOLDER_PATH}/grpcpp.framework",
				"${TARGET_BUILD_DIR}/${FRAMEWORKS_FOLDER_PATH}/grpc.framework",
				"${TARGET_BUILD_DIR}/${FRAMEWORKS_FOLDER_PATH}/leveldb.framework",
				"${TARGET_BUILD_DIR}/${FRAMEWORKS_FOLDER_PATH}/nanopb.framework",
			);
			runOnlyForDeploymentPostprocessing = 0;
			shellPath = /bin/sh;
			shellScript = "\"${PODS_ROOT}/Target Support Files/Pods-QuoteSharing/Pods-QuoteSharing-frameworks.sh\"\n";
			showEnvVarsInLog = 0;
		};
/* End PBXShellScriptBuildPhase section */

/* Begin PBXSourcesBuildPhase section */
		266AC5712253010300FCEE5A /* Sources */ = {
			isa = PBXSourcesBuildPhase;
			buildActionMask = 2147483647;
			files = (
				264997F322B0ED7400C3BDF3 /* AddQuoteWorker.swift in Sources */,
				266AC5B32253014C00FCEE5A /* UIColorExtension.swift in Sources */,
				266AC5BA2253014C00FCEE5A /* NavigationExtension.swift in Sources */,
				266AC5B62253014C00FCEE5A /* UIFontExtension.swift in Sources */,
				266AC5B52253014C00FCEE5A /* OtherExtensions.swift in Sources */,
				266AC5C02253014C00FCEE5A /* StringExtension.swift in Sources */,
				26EA57CC22B208F800BD5006 /* Reader.swift in Sources */,
				264997E822B0A6F100C3BDF3 /* BookDetailUI.swift in Sources */,
				266AC5AF2253014C00FCEE5A /* knGridView.swift in Sources */,
				26C8B55222B254A500D83413 /* GetMyReadingWorker.swift in Sources */,
				266AC5BD2253014C00FCEE5A /* UIApplicationExtension.swift in Sources */,
				266D71F522B3999D00726EFA /* knStateview.swift in Sources */,
				266D71F722B39B4C00726EFA /* SearchBooksWorker.swift in Sources */,
				26C8B54722B2275100D83413 /* QuoteCell.swift in Sources */,
				266AC5BE2253014C00FCEE5A /* 1.Setting.swift in Sources */,
				266AC5C52253029C00FCEE5A /* Controller+Keyboard.swift in Sources */,
				26C2813322AF5A730058910B /* AddBookController.swift in Sources */,
				266AC5B92253014C00FCEE5A /* UITextFieldExtension.swift in Sources */,
				264997F522B0F8BE00C3BDF3 /* LoginController.swift in Sources */,
				266AC5BF2253014C00FCEE5A /* knView.swift in Sources */,
				266AC5C12253014C00FCEE5A /* knConstraints.swift in Sources */,
				26D9898222AF9357007DA40D /* ExploreController.swift in Sources */,
				266AC5B02253014C00FCEE5A /* knController.swift in Sources */,
				26D9897722AF8158007DA40D /* AddBookWorker.swift in Sources */,
				26EA57CA22B2057900BD5006 /* FacebookLoginWorker.swift in Sources */,
				264997EA22B0BA5500C3BDF3 /* knPopup.swift in Sources */,
				264997ED22B0BA6600C3BDF3 /* AddQuoteView.swift in Sources */,
				266AC5A92253014C00FCEE5A /* DeviceType.swift in Sources */,
				26D9897922AF815C007DA40D /* Book.swift in Sources */,
				266AC5B72253014C00FCEE5A /* KMPlaceholderTextView.swift in Sources */,
				266AC5792253010300FCEE5A /* AppDelegate.swift in Sources */,
				266D71F922B39D8000726EFA /* UIImage+Gif.swift in Sources */,
				266AC5BB2253014C00FCEE5A /* UISearchBarExtension.swift in Sources */,
				266AC5A82253014C00FCEE5A /* knUIMaker.swift in Sources */,
				266AC5AE2253014C00FCEE5A /* DateExtension.swift in Sources */,
				26D9898422AF9BA7007DA40D /* BookShelfView.swift in Sources */,
				264997F122B0E8E100C3BDF3 /* GetQuotesWorker.swift in Sources */,
				266AC5AA2253014C00FCEE5A /* 1.StartPoint.swift in Sources */,
				266D71F322B38A7600726EFA /* SearchController.swift in Sources */,
				26D9897522AF73A9007DA40D /* DB.swift in Sources */,
				266AC5AC2253014C00FCEE5A /* UIViewControllerExtension.swift in Sources */,
				266AC5B22253014C00FCEE5A /* UIImageExtension.swift in Sources */,
				26D9897B22AF8362007DA40D /* FileStorage.swift in Sources */,
				26C8B55022B253D500D83413 /* AddReadingWorker.swift in Sources */,
				26C8B54E22B2465300D83413 /* Boss.swift in Sources */,
				266AC5B42253014C00FCEE5A /* UIButtonExtension.swift in Sources */,
				26C2813622AF5AE00058910B /* AddBookUI.swift in Sources */,
				26D9898A22AFA6F9007DA40D /* GetBooksWorker.swift in Sources */,
				26D9897D22AF880D007DA40D /* knPhotoSelectWorker.swift in Sources */,
				26C2814322AF5BDA0058910B /* Colors.swift in Sources */,
				266AC5AD2253014C00FCEE5A /* UIViewExtension.swift in Sources */,
				266AC5AB2253014C00FCEE5A /* IntExtension.swift in Sources */,
				26EA57C822B2015500BD5006 /* MessageHub.swift in Sources */,
				26C8B54922B227AF00D83413 /* GetQuoterWorker.swift in Sources */,
				26C8B54522B2262700D83413 /* GetMyDetailWorker.swift in Sources */,
				266AC5B82253014C00FCEE5A /* General.swift in Sources */,
				266AC5B12253014C00FCEE5A /* knListView.swift in Sources */,
				26D9898622AFA594007DA40D /* ExploreUI.swift in Sources */,
				26D9899022AFB49A007DA40D /* BookDetailController.swift in Sources */,
				264997E622B0A6E800C3BDF3 /* Quote.swift in Sources */,
				266AC5BC2253014C00FCEE5A /* ServiceConnector.swift in Sources */,
			);
			runOnlyForDeploymentPostprocessing = 0;
		};
/* End PBXSourcesBuildPhase section */

/* Begin PBXVariantGroup section */
		266AC5812253010500FCEE5A /* LaunchScreen.storyboard */ = {
			isa = PBXVariantGroup;
			children = (
				266AC5822253010500FCEE5A /* Base */,
			);
			name = LaunchScreen.storyboard;
			path = .;
			sourceTree = "<group>";
		};
/* End PBXVariantGroup section */

/* Begin XCBuildConfiguration section */
		266AC5852253010500FCEE5A /* Debug */ = {
			isa = XCBuildConfiguration;
			buildSettings = {
				ALWAYS_SEARCH_USER_PATHS = NO;
				CLANG_ANALYZER_NONNULL = YES;
				CLANG_ANALYZER_NUMBER_OBJECT_CONVERSION = YES_AGGRESSIVE;
				CLANG_CXX_LANGUAGE_STANDARD = "gnu++14";
				CLANG_CXX_LIBRARY = "libc++";
				CLANG_ENABLE_MODULES = YES;
				CLANG_ENABLE_OBJC_ARC = YES;
				CLANG_ENABLE_OBJC_WEAK = YES;
				CLANG_WARN_BLOCK_CAPTURE_AUTORELEASING = YES;
				CLANG_WARN_BOOL_CONVERSION = YES;
				CLANG_WARN_COMMA = YES;
				CLANG_WARN_CONSTANT_CONVERSION = YES;
				CLANG_WARN_DEPRECATED_OBJC_IMPLEMENTATIONS = YES;
				CLANG_WARN_DIRECT_OBJC_ISA_USAGE = YES_ERROR;
				CLANG_WARN_DOCUMENTATION_COMMENTS = YES;
				CLANG_WARN_EMPTY_BODY = YES;
				CLANG_WARN_ENUM_CONVERSION = YES;
				CLANG_WARN_INFINITE_RECURSION = YES;
				CLANG_WARN_INT_CONVERSION = YES;
				CLANG_WARN_NON_LITERAL_NULL_CONVERSION = YES;
				CLANG_WARN_OBJC_IMPLICIT_RETAIN_SELF = YES;
				CLANG_WARN_OBJC_LITERAL_CONVERSION = YES;
				CLANG_WARN_OBJC_ROOT_CLASS = YES_ERROR;
				CLANG_WARN_RANGE_LOOP_ANALYSIS = YES;
				CLANG_WARN_STRICT_PROTOTYPES = YES;
				CLANG_WARN_SUSPICIOUS_MOVE = YES;
				CLANG_WARN_UNGUARDED_AVAILABILITY = YES_AGGRESSIVE;
				CLANG_WARN_UNREACHABLE_CODE = YES;
				CLANG_WARN__DUPLICATE_METHOD_MATCH = YES;
				CODE_SIGN_IDENTITY = "iPhone Developer";
				COPY_PHASE_STRIP = NO;
				DEBUG_INFORMATION_FORMAT = dwarf;
				ENABLE_STRICT_OBJC_MSGSEND = YES;
				ENABLE_TESTABILITY = YES;
				GCC_C_LANGUAGE_STANDARD = gnu11;
				GCC_DYNAMIC_NO_PIC = NO;
				GCC_NO_COMMON_BLOCKS = YES;
				GCC_OPTIMIZATION_LEVEL = 0;
				GCC_PREPROCESSOR_DEFINITIONS = (
					"DEBUG=1",
					"$(inherited)",
				);
				GCC_WARN_64_TO_32_BIT_CONVERSION = YES;
				GCC_WARN_ABOUT_RETURN_TYPE = YES_ERROR;
				GCC_WARN_UNDECLARED_SELECTOR = YES;
				GCC_WARN_UNINITIALIZED_AUTOS = YES_AGGRESSIVE;
				GCC_WARN_UNUSED_FUNCTION = YES;
				GCC_WARN_UNUSED_VARIABLE = YES;
				IPHONEOS_DEPLOYMENT_TARGET = 12.2;
				MTL_ENABLE_DEBUG_INFO = INCLUDE_SOURCE;
				MTL_FAST_MATH = YES;
				ONLY_ACTIVE_ARCH = YES;
				OTHER_LDFLAGS = "";
				SDKROOT = iphoneos;
				SWIFT_ACTIVE_COMPILATION_CONDITIONS = DEBUG;
				SWIFT_OPTIMIZATION_LEVEL = "-Onone";
			};
			name = Debug;
		};
		266AC5862253010500FCEE5A /* Release */ = {
			isa = XCBuildConfiguration;
			buildSettings = {
				ALWAYS_SEARCH_USER_PATHS = NO;
				CLANG_ANALYZER_NONNULL = YES;
				CLANG_ANALYZER_NUMBER_OBJECT_CONVERSION = YES_AGGRESSIVE;
				CLANG_CXX_LANGUAGE_STANDARD = "gnu++14";
				CLANG_CXX_LIBRARY = "libc++";
				CLANG_ENABLE_MODULES = YES;
				CLANG_ENABLE_OBJC_ARC = YES;
				CLANG_ENABLE_OBJC_WEAK = YES;
				CLANG_WARN_BLOCK_CAPTURE_AUTORELEASING = YES;
				CLANG_WARN_BOOL_CONVERSION = YES;
				CLANG_WARN_COMMA = YES;
				CLANG_WARN_CONSTANT_CONVERSION = YES;
				CLANG_WARN_DEPRECATED_OBJC_IMPLEMENTATIONS = YES;
				CLANG_WARN_DIRECT_OBJC_ISA_USAGE = YES_ERROR;
				CLANG_WARN_DOCUMENTATION_COMMENTS = YES;
				CLANG_WARN_EMPTY_BODY = YES;
				CLANG_WARN_ENUM_CONVERSION = YES;
				CLANG_WARN_INFINITE_RECURSION = YES;
				CLANG_WARN_INT_CONVERSION = YES;
				CLANG_WARN_NON_LITERAL_NULL_CONVERSION = YES;
				CLANG_WARN_OBJC_IMPLICIT_RETAIN_SELF = YES;
				CLANG_WARN_OBJC_LITERAL_CONVERSION = YES;
				CLANG_WARN_OBJC_ROOT_CLASS = YES_ERROR;
				CLANG_WARN_RANGE_LOOP_ANALYSIS = YES;
				CLANG_WARN_STRICT_PROTOTYPES = YES;
				CLANG_WARN_SUSPICIOUS_MOVE = YES;
				CLANG_WARN_UNGUARDED_AVAILABILITY = YES_AGGRESSIVE;
				CLANG_WARN_UNREACHABLE_CODE = YES;
				CLANG_WARN__DUPLICATE_METHOD_MATCH = YES;
				CODE_SIGN_IDENTITY = "iPhone Developer";
				COPY_PHASE_STRIP = NO;
				DEBUG_INFORMATION_FORMAT = "dwarf-with-dsym";
				ENABLE_NS_ASSERTIONS = NO;
				ENABLE_STRICT_OBJC_MSGSEND = YES;
				GCC_C_LANGUAGE_STANDARD = gnu11;
				GCC_NO_COMMON_BLOCKS = YES;
				GCC_WARN_64_TO_32_BIT_CONVERSION = YES;
				GCC_WARN_ABOUT_RETURN_TYPE = YES_ERROR;
				GCC_WARN_UNDECLARED_SELECTOR = YES;
				GCC_WARN_UNINITIALIZED_AUTOS = YES_AGGRESSIVE;
				GCC_WARN_UNUSED_FUNCTION = YES;
				GCC_WARN_UNUSED_VARIABLE = YES;
				IPHONEOS_DEPLOYMENT_TARGET = 12.2;
				MTL_ENABLE_DEBUG_INFO = NO;
				MTL_FAST_MATH = YES;
				OTHER_LDFLAGS = "";
				SDKROOT = iphoneos;
				SWIFT_COMPILATION_MODE = wholemodule;
				SWIFT_OPTIMIZATION_LEVEL = "-O";
				VALIDATE_PRODUCT = YES;
			};
			name = Release;
		};
		266AC5882253010500FCEE5A /* Debug */ = {
			isa = XCBuildConfiguration;
			baseConfigurationReference = 1A980369AC42516C1E257CE9 /* Pods-QuoteSharing.debug.xcconfig */;
			buildSettings = {
				ASSETCATALOG_COMPILER_APPICON_NAME = AppIcon;
				CODE_SIGN_STYLE = Automatic;
				DEVELOPMENT_TEAM = YM62LBZ4XN;
				INFOPLIST_FILE = "$(SRCROOT)/QuoteSharing/Config/Info.plist";
				LD_RUNPATH_SEARCH_PATHS = (
					"$(inherited)",
					"@executable_path/Frameworks",
				);
				PRODUCT_BUNDLE_IDENTIFIER = me.kynguyen.quotesharing;
				PRODUCT_NAME = "$(TARGET_NAME)";
				SWIFT_VERSION = 5.0;
				TARGETED_DEVICE_FAMILY = "1,2";
			};
			name = Debug;
		};
		266AC5892253010500FCEE5A /* Release */ = {
			isa = XCBuildConfiguration;
			baseConfigurationReference = CBBA81579447E8B563457896 /* Pods-QuoteSharing.release.xcconfig */;
			buildSettings = {
				ASSETCATALOG_COMPILER_APPICON_NAME = AppIcon;
				CODE_SIGN_STYLE = Automatic;
				DEVELOPMENT_TEAM = YM62LBZ4XN;
				INFOPLIST_FILE = "$(SRCROOT)/QuoteSharing/Config/Info.plist";
				LD_RUNPATH_SEARCH_PATHS = (
					"$(inherited)",
					"@executable_path/Frameworks",
				);
				PRODUCT_BUNDLE_IDENTIFIER = me.kynguyen.quotesharing;
				PRODUCT_NAME = "$(TARGET_NAME)";
				SWIFT_VERSION = 5.0;
				TARGETED_DEVICE_FAMILY = "1,2";
			};
			name = Release;
		};
/* End XCBuildConfiguration section */

/* Begin XCConfigurationList section */
		266AC5702253010300FCEE5A /* Build configuration list for PBXProject "QuoteSharing" */ = {
			isa = XCConfigurationList;
			buildConfigurations = (
				266AC5852253010500FCEE5A /* Debug */,
				266AC5862253010500FCEE5A /* Release */,
			);
			defaultConfigurationIsVisible = 0;
			defaultConfigurationName = Release;
		};
		266AC5872253010500FCEE5A /* Build configuration list for PBXNativeTarget "QuoteSharing" */ = {
			isa = XCConfigurationList;
			buildConfigurations = (
				266AC5882253010500FCEE5A /* Debug */,
				266AC5892253010500FCEE5A /* Release */,
			);
			defaultConfigurationIsVisible = 0;
			defaultConfigurationName = Release;
		};
/* End XCConfigurationList section */
	};
	rootObject = 266AC56D2253010300FCEE5A /* Project object */;
}
